
Microsoft Visual Studio Solution File, Format Version 12.00
# Visual Studio Version 16
VisualStudioVersion = 16.0.29424.173
MinimumVisualStudioVersion = 10.0.40219.1
Project("{2150E333-8FDC-42A3-9474-1A3956D46DE8}") = "src", "src", "{6C7E5914-CD6B-40F1-BFD7-8FB17E3EAE11}"
EndProject
Project("{2150E333-8FDC-42A3-9474-1A3956D46DE8}") = "test", "test", "{9D50B35B-1EAA-4620-B0A6-245456051247}"
EndProject
Project("{FAE04EC0-301F-11D3-BF4B-00C04F79EFBC}") = "ChangeDB.Common", "src\ChangeDB.Common\ChangeDB.Common.csproj", "{2B987016-D56B-4E92-9127-B11A7F3C7F80}"
EndProject
Project("{FAE04EC0-301F-11D3-BF4B-00C04F79EFBC}") = "ChangeDB.Core", "src\ChangeDB.Core\ChangeDB.Core.csproj", "{D498748A-7138-447B-80E3-E1BAE3CCFA59}"
EndProject
Project("{FAE04EC0-301F-11D3-BF4B-00C04F79EFBC}") = "ChangeDB.Common.Test", "test\ChangeDB.Common.Test\ChangeDB.Common.Test.csproj", "{9DB8CBC3-5D36-42A7-8498-723A10065677}"
EndProject
Project("{FAE04EC0-301F-11D3-BF4B-00C04F79EFBC}") = "ChangeDB.Agent.Postgres", "src\ChangeDB.Agent.Postgres\ChangeDB.Agent.Postgres.csproj", "{0B3B6138-582E-43D5-86DE-D974A877B256}"
EndProject
Project("{FAE04EC0-301F-11D3-BF4B-00C04F79EFBC}") = "ChangeDB.Agent.SqlServer", "src\ChangeDB.Agent.SqlServer\ChangeDB.Agent.SqlServer.csproj", "{81EBB755-D3DE-48A3-BB37-BA95C8466660}"
EndProject
Global
	GlobalSection(SolutionConfigurationPlatforms) = preSolution
		Debug|Any CPU = Debug|Any CPU
		Release|Any CPU = Release|Any CPU
	EndGlobalSection
	GlobalSection(ProjectConfigurationPlatforms) = postSolution
		{2B987016-D56B-4E92-9127-B11A7F3C7F80}.Debug|Any CPU.ActiveCfg = Debug|Any CPU
		{2B987016-D56B-4E92-9127-B11A7F3C7F80}.Debug|Any CPU.Build.0 = Debug|Any CPU
		{2B987016-D56B-4E92-9127-B11A7F3C7F80}.Release|Any CPU.ActiveCfg = Release|Any CPU
		{2B987016-D56B-4E92-9127-B11A7F3C7F80}.Release|Any CPU.Build.0 = Release|Any CPU
		{D498748A-7138-447B-80E3-E1BAE3CCFA59}.Debug|Any CPU.ActiveCfg = Debug|Any CPU
		{D498748A-7138-447B-80E3-E1BAE3CCFA59}.Debug|Any CPU.Build.0 = Debug|Any CPU
		{D498748A-7138-447B-80E3-E1BAE3CCFA59}.Release|Any CPU.ActiveCfg = Release|Any CPU
		{D498748A-7138-447B-80E3-E1BAE3CCFA59}.Release|Any CPU.Build.0 = Release|Any CPU
		{9DB8CBC3-5D36-42A7-8498-723A10065677}.Debug|Any CPU.ActiveCfg = Debug|Any CPU
		{9DB8CBC3-5D36-42A7-8498-723A10065677}.Debug|Any CPU.Build.0 = Debug|Any CPU
		{9DB8CBC3-5D36-42A7-8498-723A10065677}.Release|Any CPU.ActiveCfg = Release|Any CPU
		{9DB8CBC3-5D36-42A7-8498-723A10065677}.Release|Any CPU.Build.0 = Release|Any CPU
		{0B3B6138-582E-43D5-86DE-D974A877B256}.Debug|Any CPU.ActiveCfg = Debug|Any CPU
		{0B3B6138-582E-43D5-86DE-D974A877B256}.Debug|Any CPU.Build.0 = Debug|Any CPU
		{0B3B6138-582E-43D5-86DE-D974A877B256}.Release|Any CPU.ActiveCfg = Release|Any CPU
		{0B3B6138-582E-43D5-86DE-D974A877B256}.Release|Any CPU.Build.0 = Release|Any CPU
		{81EBB755-D3DE-48A3-BB37-BA95C8466660}.Debug|Any CPU.ActiveCfg = Debug|Any CPU
		{81EBB755-D3DE-48A3-BB37-BA95C8466660}.Debug|Any CPU.Build.0 = Debug|Any CPU
		{81EBB755-D3DE-48A3-BB37-BA95C8466660}.Release|Any CPU.ActiveCfg = Release|Any CPU
		{81EBB755-D3DE-48A3-BB37-BA95C8466660}.Release|Any CPU.Build.0 = Release|Any CPU
	EndGlobalSection
	GlobalSection(SolutionProperties) = preSolution
		HideSolutionNode = FALSE
	EndGlobalSection
	GlobalSection(NestedProjects) = preSolution
		{2B987016-D56B-4E92-9127-B11A7F3C7F80} = {6C7E5914-CD6B-40F1-BFD7-8FB17E3EAE11}
		{D498748A-7138-447B-80E3-E1BAE3CCFA59} = {6C7E5914-CD6B-40F1-BFD7-8FB17E3EAE11}
		{9DB8CBC3-5D36-42A7-8498-723A10065677} = {9D50B35B-1EAA-4620-B0A6-245456051247}
		{0B3B6138-582E-43D5-86DE-D974A877B256} = {6C7E5914-CD6B-40F1-BFD7-8FB17E3EAE11}
		{81EBB755-D3DE-48A3-BB37-BA95C8466660} = {6C7E5914-CD6B-40F1-BFD7-8FB17E3EAE11}
	EndGlobalSection
	GlobalSection(ExtensibilityGlobals) = postSolution
		SolutionGuid = {DB11BB21-3F5D-42D6-8737-F19C0666F1F8}
	EndGlobalSection
EndGlobal
