
Microsoft Visual Studio Solution File, Format Version 12.00
# Visual Studio Version 17
VisualStudioVersion = 17.0.31919.166
MinimumVisualStudioVersion = 10.0.40219.1
Project("{2150E333-8FDC-42A3-9474-1A3956D46DE8}") = "src", "src", "{6C7E5914-CD6B-40F1-BFD7-8FB17E3EAE11}"
	ProjectSection(SolutionItems) = preProject
		src\Directory.Build.props = src\Directory.Build.props
	EndProjectSection
EndProject
Project("{2150E333-8FDC-42A3-9474-1A3956D46DE8}") = "test", "test", "{9D50B35B-1EAA-4620-B0A6-245456051247}"
EndProject
Project("{9A19103F-16F7-4668-BE54-9A1E7A4F7556}") = "ChangeDB.Core", "src\ChangeDB.Core\ChangeDB.Core.csproj", "{D498748A-7138-447B-80E3-E1BAE3CCFA59}"
EndProject
Project("{9A19103F-16F7-4668-BE54-9A1E7A4F7556}") = "ChangeDB.Agent.Postgres", "src\ChangeDB.Agent.Postgres\ChangeDB.Agent.Postgres.csproj", "{0B3B6138-582E-43D5-86DE-D974A877B256}"
EndProject
Project("{9A19103F-16F7-4668-BE54-9A1E7A4F7556}") = "ChangeDB.Agent.SqlServer", "src\ChangeDB.Agent.SqlServer\ChangeDB.Agent.SqlServer.csproj", "{81EBB755-D3DE-48A3-BB37-BA95C8466660}"
EndProject
Project("{9A19103F-16F7-4668-BE54-9A1E7A4F7556}") = "ChangeDB.ConsoleApp", "src\ChangeDB.ConsoleApp\ChangeDB.ConsoleApp.csproj", "{02D45DAF-E60D-42C0-BBDF-6B8BEFB65897}"
EndProject
Project("{9A19103F-16F7-4668-BE54-9A1E7A4F7556}") = "ChangeDB.Agent.SqlCe", "src\ChangeDB.Agent.SqlCe\ChangeDB.Agent.SqlCe.csproj", "{BF7658AC-2CCC-45B2-942D-50508535EA66}"
EndProject
Project("{9A19103F-16F7-4668-BE54-9A1E7A4F7556}") = "ChangeDB.Agent.SqlServer.UnitTest", "test\ChangeDB.Agent.SqlServer.UnitTest\ChangeDB.Agent.SqlServer.UnitTest.csproj", "{5228F1DA-7B2D-43C6-8BDC-C57F67846600}"
EndProject
Project("{9A19103F-16F7-4668-BE54-9A1E7A4F7556}") = "ChangeDB.Core.UnitTest", "test\ChangeDB.Core.UnitTest\ChangeDB.Core.UnitTest.csproj", "{11F7B1DA-E49E-4365-83E0-6FC3F07AFEAE}"
EndProject
Project("{9A19103F-16F7-4668-BE54-9A1E7A4F7556}") = "ChangeDB.Test", "test\ChangeDB.Test\ChangeDB.Test.csproj", "{E5ECE762-7946-41CB-A107-9FE8A9CAF939}"
EndProject
Project("{9A19103F-16F7-4668-BE54-9A1E7A4F7556}") = "ChangeDB.IntegrationTest", "test\ChangeDB.IntegrationTest\ChangeDB.IntegrationTest.csproj", "{5390663B-28AE-48AE-A067-D08EA34AEAAE}"
EndProject
Project("{9A19103F-16F7-4668-BE54-9A1E7A4F7556}") = "ChangeDB.Extenstions.DependencyInjection", "src\ChangeDB.Extenstions.DependencyInjection\ChangeDB.Extenstions.DependencyInjection.csproj", "{DA12C6B6-1718-4048-AEF5-39C2B8003D5A}"
EndProject
Project("{9A19103F-16F7-4668-BE54-9A1E7A4F7556}") = "ChangeDB.Agent.MySql", "src\ChangeDB.Agent.MySql\ChangeDB.Agent.MySql.csproj", "{17FA1608-8D32-409B-851F-8A3EF090FAA8}"
EndProject
Project("{9A19103F-16F7-4668-BE54-9A1E7A4F7556}") = "ChangeDB.Agent.SqlServer.IntegrationTest", "test\ChangeDB.Agent.SqlServer.IntegrationTest\ChangeDB.Agent.SqlServer.IntegrationTest.csproj", "{84DAA403-AAA4-4F5A-A260-EEC5C63D944E}"
EndProject
Project("{2150E333-8FDC-42A3-9474-1A3956D46DE8}") = "e2e", "e2e", "{60CEBEBA-5AB9-42B7-96B4-AE3D2D183783}"
EndProject
Project("{2150E333-8FDC-42A3-9474-1A3956D46DE8}") = "unit", "unit", "{7C2E7B66-E684-48B6-BA0C-2BCED0DE69CF}"
EndProject
Project("{2150E333-8FDC-42A3-9474-1A3956D46DE8}") = "integration", "integration", "{4FA4511C-AAA5-4248-ACB4-9F328470BE8F}"
EndProject
Project("{9A19103F-16F7-4668-BE54-9A1E7A4F7556}") = "ChangeDB.ConsoleApp.End2EndTest", "test\ChangeDB.ConsoleApp.End2EndTest\ChangeDB.ConsoleApp.End2EndTest.csproj", "{C9D62F7D-BECF-40AB-93F8-D73836C147BB}"
EndProject
Project("{2150E333-8FDC-42A3-9474-1A3956D46DE8}") = "common", "common", "{C6F5A634-E24D-4C30-A60D-A8763C14B6D0}"
EndProject
Project("{2150E333-8FDC-42A3-9474-1A3956D46DE8}") = "testdb", "testdb", "{5909CDE9-ADA9-4344-B454-226E5C8A4C12}"
	ProjectSection(SolutionItems) = preProject
		testdb\AssemblyInfo.cs = testdb\AssemblyInfo.cs
		testdb\Directory.Build.props = testdb\Directory.Build.props
	EndProjectSection
EndProject
Project("{9A19103F-16F7-4668-BE54-9A1E7A4F7556}") = "TestDB", "testdb\TestDB\TestDB.csproj", "{2928FAAD-5D30-4B9D-8ADB-6692DE174D54}"
EndProject
Project("{9A19103F-16F7-4668-BE54-9A1E7A4F7556}") = "TestDB.SqlCe", "testdb\TestDB.SqlCe\TestDB.SqlCe.csproj", "{CCEAF9A0-60D4-4BB8-A048-222DAFCAC079}"
EndProject
Project("{9A19103F-16F7-4668-BE54-9A1E7A4F7556}") = "TestDB.MySql", "testdb\TestDB.MySql\TestDB.MySql.csproj", "{1A685366-EB3E-4814-AD61-6E50AAC54AA3}"
EndProject
Project("{9A19103F-16F7-4668-BE54-9A1E7A4F7556}") = "TestDB.Postgres", "testdb\TestDB.Postgres\TestDB.Postgres.csproj", "{3FD0950B-0D6C-488B-A53E-942FD3953915}"
EndProject
Project("{9A19103F-16F7-4668-BE54-9A1E7A4F7556}") = "TestDB.SqlServer", "testdb\TestDB.SqlServer\TestDB.SqlServer.csproj", "{1ABC4A05-7C91-4A35-9E88-C04C7ED6988A}"
EndProject
Project("{9A19103F-16F7-4668-BE54-9A1E7A4F7556}") = "ChangeDB.Agent.SqlCe.IntegrationTest", "test\ChangeDB.Agent.SqlCe.IntegrationTest\ChangeDB.Agent.SqlCe.IntegrationTest.csproj", "{5F3AC995-DA23-46A8-A0A7-E32BFC5C6FD7}"
EndProject
Project("{9A19103F-16F7-4668-BE54-9A1E7A4F7556}") = "ChangeDB.Agent.SqlCe.UnitTest", "test\ChangeDB.Agent.SqlCe.UnitTest\ChangeDB.Agent.SqlCe.UnitTest.csproj", "{D0E88AE4-E9CE-4F3F-9BA9-E050956842E7}"
EndProject
Project("{9A19103F-16F7-4668-BE54-9A1E7A4F7556}") = "ChangeDB.Agent.Postgres.IntegrationTest", "test\ChangeDB.Agent.Postgres.IntegrationTest\ChangeDB.Agent.Postgres.IntegrationTest.csproj", "{0F4E68D8-E0A1-4883-A68E-BAF9CBD293D6}"
EndProject
Project("{9A19103F-16F7-4668-BE54-9A1E7A4F7556}") = "ChangeDB.Agent.Postgres.UnitTest", "test\ChangeDB.Agent.Postgres.UnitTest\ChangeDB.Agent.Postgres.UnitTest.csproj", "{9A246D8C-DCA9-4FFA-AB83-3B658DE82F24}"
EndProject
Project("{9A19103F-16F7-4668-BE54-9A1E7A4F7556}") = "ChangeDB.Agent.MySql.IntegrationTest", "test\ChangeDB.Agent.MySql.IntegrationTest\ChangeDB.Agent.MySql.IntegrationTest.csproj", "{05E0C334-B9F6-4496-8725-899BC5394322}"
EndProject
Project("{FAE04EC0-301F-11D3-BF4B-00C04F79EFBC}") = "ChangeDB.Agent.MySql.UnitTest", "test\ChangeDB.Agent.MySql.UnitTest\ChangeDB.Agent.MySql.UnitTest.csproj", "{51DAC443-6A8B-4400-A372-9616A153B523}"
EndProject
Global
	GlobalSection(SolutionConfigurationPlatforms) = preSolution
		Debug|Any CPU = Debug|Any CPU
		Release|Any CPU = Release|Any CPU
	EndGlobalSection
	GlobalSection(ProjectConfigurationPlatforms) = postSolution
		{D498748A-7138-447B-80E3-E1BAE3CCFA59}.Debug|Any CPU.ActiveCfg = Debug|Any CPU
		{D498748A-7138-447B-80E3-E1BAE3CCFA59}.Debug|Any CPU.Build.0 = Debug|Any CPU
		{D498748A-7138-447B-80E3-E1BAE3CCFA59}.Release|Any CPU.ActiveCfg = Release|Any CPU
		{D498748A-7138-447B-80E3-E1BAE3CCFA59}.Release|Any CPU.Build.0 = Release|Any CPU
		{0B3B6138-582E-43D5-86DE-D974A877B256}.Debug|Any CPU.ActiveCfg = Debug|Any CPU
		{0B3B6138-582E-43D5-86DE-D974A877B256}.Debug|Any CPU.Build.0 = Debug|Any CPU
		{0B3B6138-582E-43D5-86DE-D974A877B256}.Release|Any CPU.ActiveCfg = Release|Any CPU
		{0B3B6138-582E-43D5-86DE-D974A877B256}.Release|Any CPU.Build.0 = Release|Any CPU
		{81EBB755-D3DE-48A3-BB37-BA95C8466660}.Debug|Any CPU.ActiveCfg = Debug|Any CPU
		{81EBB755-D3DE-48A3-BB37-BA95C8466660}.Debug|Any CPU.Build.0 = Debug|Any CPU
		{81EBB755-D3DE-48A3-BB37-BA95C8466660}.Release|Any CPU.ActiveCfg = Release|Any CPU
		{81EBB755-D3DE-48A3-BB37-BA95C8466660}.Release|Any CPU.Build.0 = Release|Any CPU
		{02D45DAF-E60D-42C0-BBDF-6B8BEFB65897}.Debug|Any CPU.ActiveCfg = Debug|Any CPU
		{02D45DAF-E60D-42C0-BBDF-6B8BEFB65897}.Debug|Any CPU.Build.0 = Debug|Any CPU
		{02D45DAF-E60D-42C0-BBDF-6B8BEFB65897}.Release|Any CPU.ActiveCfg = Release|Any CPU
		{02D45DAF-E60D-42C0-BBDF-6B8BEFB65897}.Release|Any CPU.Build.0 = Release|Any CPU
		{BF7658AC-2CCC-45B2-942D-50508535EA66}.Debug|Any CPU.ActiveCfg = Debug|Any CPU
		{BF7658AC-2CCC-45B2-942D-50508535EA66}.Debug|Any CPU.Build.0 = Debug|Any CPU
		{BF7658AC-2CCC-45B2-942D-50508535EA66}.Release|Any CPU.ActiveCfg = Release|Any CPU
		{BF7658AC-2CCC-45B2-942D-50508535EA66}.Release|Any CPU.Build.0 = Release|Any CPU
		{5228F1DA-7B2D-43C6-8BDC-C57F67846600}.Debug|Any CPU.ActiveCfg = Debug|Any CPU
		{5228F1DA-7B2D-43C6-8BDC-C57F67846600}.Debug|Any CPU.Build.0 = Debug|Any CPU
		{5228F1DA-7B2D-43C6-8BDC-C57F67846600}.Release|Any CPU.ActiveCfg = Release|Any CPU
		{5228F1DA-7B2D-43C6-8BDC-C57F67846600}.Release|Any CPU.Build.0 = Release|Any CPU
		{11F7B1DA-E49E-4365-83E0-6FC3F07AFEAE}.Debug|Any CPU.ActiveCfg = Debug|Any CPU
		{11F7B1DA-E49E-4365-83E0-6FC3F07AFEAE}.Debug|Any CPU.Build.0 = Debug|Any CPU
		{11F7B1DA-E49E-4365-83E0-6FC3F07AFEAE}.Release|Any CPU.ActiveCfg = Release|Any CPU
		{11F7B1DA-E49E-4365-83E0-6FC3F07AFEAE}.Release|Any CPU.Build.0 = Release|Any CPU
		{E5ECE762-7946-41CB-A107-9FE8A9CAF939}.Debug|Any CPU.ActiveCfg = Debug|Any CPU
		{E5ECE762-7946-41CB-A107-9FE8A9CAF939}.Debug|Any CPU.Build.0 = Debug|Any CPU
		{E5ECE762-7946-41CB-A107-9FE8A9CAF939}.Release|Any CPU.ActiveCfg = Release|Any CPU
		{E5ECE762-7946-41CB-A107-9FE8A9CAF939}.Release|Any CPU.Build.0 = Release|Any CPU
		{5390663B-28AE-48AE-A067-D08EA34AEAAE}.Debug|Any CPU.ActiveCfg = Debug|Any CPU
		{5390663B-28AE-48AE-A067-D08EA34AEAAE}.Debug|Any CPU.Build.0 = Debug|Any CPU
		{5390663B-28AE-48AE-A067-D08EA34AEAAE}.Release|Any CPU.ActiveCfg = Release|Any CPU
		{5390663B-28AE-48AE-A067-D08EA34AEAAE}.Release|Any CPU.Build.0 = Release|Any CPU
		{DA12C6B6-1718-4048-AEF5-39C2B8003D5A}.Debug|Any CPU.ActiveCfg = Debug|Any CPU
		{DA12C6B6-1718-4048-AEF5-39C2B8003D5A}.Debug|Any CPU.Build.0 = Debug|Any CPU
		{DA12C6B6-1718-4048-AEF5-39C2B8003D5A}.Release|Any CPU.ActiveCfg = Release|Any CPU
		{DA12C6B6-1718-4048-AEF5-39C2B8003D5A}.Release|Any CPU.Build.0 = Release|Any CPU
		{17FA1608-8D32-409B-851F-8A3EF090FAA8}.Debug|Any CPU.ActiveCfg = Debug|Any CPU
		{17FA1608-8D32-409B-851F-8A3EF090FAA8}.Debug|Any CPU.Build.0 = Debug|Any CPU
		{17FA1608-8D32-409B-851F-8A3EF090FAA8}.Release|Any CPU.ActiveCfg = Release|Any CPU
		{17FA1608-8D32-409B-851F-8A3EF090FAA8}.Release|Any CPU.Build.0 = Release|Any CPU
		{84DAA403-AAA4-4F5A-A260-EEC5C63D944E}.Debug|Any CPU.ActiveCfg = Debug|Any CPU
		{84DAA403-AAA4-4F5A-A260-EEC5C63D944E}.Debug|Any CPU.Build.0 = Debug|Any CPU
		{84DAA403-AAA4-4F5A-A260-EEC5C63D944E}.Release|Any CPU.ActiveCfg = Release|Any CPU
		{84DAA403-AAA4-4F5A-A260-EEC5C63D944E}.Release|Any CPU.Build.0 = Release|Any CPU
		{C9D62F7D-BECF-40AB-93F8-D73836C147BB}.Debug|Any CPU.ActiveCfg = Debug|Any CPU
		{C9D62F7D-BECF-40AB-93F8-D73836C147BB}.Debug|Any CPU.Build.0 = Debug|Any CPU
		{C9D62F7D-BECF-40AB-93F8-D73836C147BB}.Release|Any CPU.ActiveCfg = Release|Any CPU
		{C9D62F7D-BECF-40AB-93F8-D73836C147BB}.Release|Any CPU.Build.0 = Release|Any CPU
		{2928FAAD-5D30-4B9D-8ADB-6692DE174D54}.Debug|Any CPU.ActiveCfg = Debug|Any CPU
		{2928FAAD-5D30-4B9D-8ADB-6692DE174D54}.Debug|Any CPU.Build.0 = Debug|Any CPU
		{2928FAAD-5D30-4B9D-8ADB-6692DE174D54}.Release|Any CPU.ActiveCfg = Release|Any CPU
		{2928FAAD-5D30-4B9D-8ADB-6692DE174D54}.Release|Any CPU.Build.0 = Release|Any CPU
		{CCEAF9A0-60D4-4BB8-A048-222DAFCAC079}.Debug|Any CPU.ActiveCfg = Debug|Any CPU
		{CCEAF9A0-60D4-4BB8-A048-222DAFCAC079}.Debug|Any CPU.Build.0 = Debug|Any CPU
		{CCEAF9A0-60D4-4BB8-A048-222DAFCAC079}.Release|Any CPU.ActiveCfg = Release|Any CPU
		{CCEAF9A0-60D4-4BB8-A048-222DAFCAC079}.Release|Any CPU.Build.0 = Release|Any CPU
		{1A685366-EB3E-4814-AD61-6E50AAC54AA3}.Debug|Any CPU.ActiveCfg = Debug|Any CPU
		{1A685366-EB3E-4814-AD61-6E50AAC54AA3}.Debug|Any CPU.Build.0 = Debug|Any CPU
		{1A685366-EB3E-4814-AD61-6E50AAC54AA3}.Release|Any CPU.ActiveCfg = Release|Any CPU
		{1A685366-EB3E-4814-AD61-6E50AAC54AA3}.Release|Any CPU.Build.0 = Release|Any CPU
		{3FD0950B-0D6C-488B-A53E-942FD3953915}.Debug|Any CPU.ActiveCfg = Debug|Any CPU
		{3FD0950B-0D6C-488B-A53E-942FD3953915}.Debug|Any CPU.Build.0 = Debug|Any CPU
		{3FD0950B-0D6C-488B-A53E-942FD3953915}.Release|Any CPU.ActiveCfg = Release|Any CPU
		{3FD0950B-0D6C-488B-A53E-942FD3953915}.Release|Any CPU.Build.0 = Release|Any CPU
		{1ABC4A05-7C91-4A35-9E88-C04C7ED6988A}.Debug|Any CPU.ActiveCfg = Debug|Any CPU
		{1ABC4A05-7C91-4A35-9E88-C04C7ED6988A}.Debug|Any CPU.Build.0 = Debug|Any CPU
		{1ABC4A05-7C91-4A35-9E88-C04C7ED6988A}.Release|Any CPU.ActiveCfg = Release|Any CPU
		{1ABC4A05-7C91-4A35-9E88-C04C7ED6988A}.Release|Any CPU.Build.0 = Release|Any CPU
		{5F3AC995-DA23-46A8-A0A7-E32BFC5C6FD7}.Debug|Any CPU.ActiveCfg = Debug|Any CPU
		{5F3AC995-DA23-46A8-A0A7-E32BFC5C6FD7}.Debug|Any CPU.Build.0 = Debug|Any CPU
		{5F3AC995-DA23-46A8-A0A7-E32BFC5C6FD7}.Release|Any CPU.ActiveCfg = Release|Any CPU
		{5F3AC995-DA23-46A8-A0A7-E32BFC5C6FD7}.Release|Any CPU.Build.0 = Release|Any CPU
		{D0E88AE4-E9CE-4F3F-9BA9-E050956842E7}.Debug|Any CPU.ActiveCfg = Debug|Any CPU
		{D0E88AE4-E9CE-4F3F-9BA9-E050956842E7}.Debug|Any CPU.Build.0 = Debug|Any CPU
		{D0E88AE4-E9CE-4F3F-9BA9-E050956842E7}.Release|Any CPU.ActiveCfg = Release|Any CPU
		{D0E88AE4-E9CE-4F3F-9BA9-E050956842E7}.Release|Any CPU.Build.0 = Release|Any CPU
		{0F4E68D8-E0A1-4883-A68E-BAF9CBD293D6}.Debug|Any CPU.ActiveCfg = Debug|Any CPU
		{0F4E68D8-E0A1-4883-A68E-BAF9CBD293D6}.Debug|Any CPU.Build.0 = Debug|Any CPU
		{0F4E68D8-E0A1-4883-A68E-BAF9CBD293D6}.Release|Any CPU.ActiveCfg = Release|Any CPU
		{0F4E68D8-E0A1-4883-A68E-BAF9CBD293D6}.Release|Any CPU.Build.0 = Release|Any CPU
		{9A246D8C-DCA9-4FFA-AB83-3B658DE82F24}.Debug|Any CPU.ActiveCfg = Debug|Any CPU
		{9A246D8C-DCA9-4FFA-AB83-3B658DE82F24}.Debug|Any CPU.Build.0 = Debug|Any CPU
		{9A246D8C-DCA9-4FFA-AB83-3B658DE82F24}.Release|Any CPU.ActiveCfg = Release|Any CPU
		{9A246D8C-DCA9-4FFA-AB83-3B658DE82F24}.Release|Any CPU.Build.0 = Release|Any CPU
		{05E0C334-B9F6-4496-8725-899BC5394322}.Debug|Any CPU.ActiveCfg = Debug|Any CPU
		{05E0C334-B9F6-4496-8725-899BC5394322}.Debug|Any CPU.Build.0 = Debug|Any CPU
		{05E0C334-B9F6-4496-8725-899BC5394322}.Release|Any CPU.ActiveCfg = Release|Any CPU
		{05E0C334-B9F6-4496-8725-899BC5394322}.Release|Any CPU.Build.0 = Release|Any CPU
		{51DAC443-6A8B-4400-A372-9616A153B523}.Debug|Any CPU.ActiveCfg = Debug|Any CPU
		{51DAC443-6A8B-4400-A372-9616A153B523}.Debug|Any CPU.Build.0 = Debug|Any CPU
		{51DAC443-6A8B-4400-A372-9616A153B523}.Release|Any CPU.ActiveCfg = Release|Any CPU
		{51DAC443-6A8B-4400-A372-9616A153B523}.Release|Any CPU.Build.0 = Release|Any CPU
	EndGlobalSection
	GlobalSection(SolutionProperties) = preSolution
		HideSolutionNode = FALSE
	EndGlobalSection
	GlobalSection(NestedProjects) = preSolution
		{D498748A-7138-447B-80E3-E1BAE3CCFA59} = {6C7E5914-CD6B-40F1-BFD7-8FB17E3EAE11}
		{0B3B6138-582E-43D5-86DE-D974A877B256} = {6C7E5914-CD6B-40F1-BFD7-8FB17E3EAE11}
		{81EBB755-D3DE-48A3-BB37-BA95C8466660} = {6C7E5914-CD6B-40F1-BFD7-8FB17E3EAE11}
		{02D45DAF-E60D-42C0-BBDF-6B8BEFB65897} = {6C7E5914-CD6B-40F1-BFD7-8FB17E3EAE11}
		{BF7658AC-2CCC-45B2-942D-50508535EA66} = {6C7E5914-CD6B-40F1-BFD7-8FB17E3EAE11}
		{5228F1DA-7B2D-43C6-8BDC-C57F67846600} = {7C2E7B66-E684-48B6-BA0C-2BCED0DE69CF}
		{11F7B1DA-E49E-4365-83E0-6FC3F07AFEAE} = {7C2E7B66-E684-48B6-BA0C-2BCED0DE69CF}
		{E5ECE762-7946-41CB-A107-9FE8A9CAF939} = {C6F5A634-E24D-4C30-A60D-A8763C14B6D0}
		{5390663B-28AE-48AE-A067-D08EA34AEAAE} = {4FA4511C-AAA5-4248-ACB4-9F328470BE8F}
		{DA12C6B6-1718-4048-AEF5-39C2B8003D5A} = {6C7E5914-CD6B-40F1-BFD7-8FB17E3EAE11}
		{17FA1608-8D32-409B-851F-8A3EF090FAA8} = {6C7E5914-CD6B-40F1-BFD7-8FB17E3EAE11}
		{84DAA403-AAA4-4F5A-A260-EEC5C63D944E} = {4FA4511C-AAA5-4248-ACB4-9F328470BE8F}
		{60CEBEBA-5AB9-42B7-96B4-AE3D2D183783} = {9D50B35B-1EAA-4620-B0A6-245456051247}
		{7C2E7B66-E684-48B6-BA0C-2BCED0DE69CF} = {9D50B35B-1EAA-4620-B0A6-245456051247}
		{4FA4511C-AAA5-4248-ACB4-9F328470BE8F} = {9D50B35B-1EAA-4620-B0A6-245456051247}
		{C9D62F7D-BECF-40AB-93F8-D73836C147BB} = {60CEBEBA-5AB9-42B7-96B4-AE3D2D183783}
		{C6F5A634-E24D-4C30-A60D-A8763C14B6D0} = {9D50B35B-1EAA-4620-B0A6-245456051247}
		{2928FAAD-5D30-4B9D-8ADB-6692DE174D54} = {5909CDE9-ADA9-4344-B454-226E5C8A4C12}
		{CCEAF9A0-60D4-4BB8-A048-222DAFCAC079} = {5909CDE9-ADA9-4344-B454-226E5C8A4C12}
		{1A685366-EB3E-4814-AD61-6E50AAC54AA3} = {5909CDE9-ADA9-4344-B454-226E5C8A4C12}
		{3FD0950B-0D6C-488B-A53E-942FD3953915} = {5909CDE9-ADA9-4344-B454-226E5C8A4C12}
		{1ABC4A05-7C91-4A35-9E88-C04C7ED6988A} = {5909CDE9-ADA9-4344-B454-226E5C8A4C12}
		{5F3AC995-DA23-46A8-A0A7-E32BFC5C6FD7} = {4FA4511C-AAA5-4248-ACB4-9F328470BE8F}
		{D0E88AE4-E9CE-4F3F-9BA9-E050956842E7} = {7C2E7B66-E684-48B6-BA0C-2BCED0DE69CF}
		{0F4E68D8-E0A1-4883-A68E-BAF9CBD293D6} = {4FA4511C-AAA5-4248-ACB4-9F328470BE8F}
		{9A246D8C-DCA9-4FFA-AB83-3B658DE82F24} = {7C2E7B66-E684-48B6-BA0C-2BCED0DE69CF}
		{05E0C334-B9F6-4496-8725-899BC5394322} = {4FA4511C-AAA5-4248-ACB4-9F328470BE8F}
		{51DAC443-6A8B-4400-A372-9616A153B523} = {7C2E7B66-E684-48B6-BA0C-2BCED0DE69CF}
	EndGlobalSection
	GlobalSection(ExtensibilityGlobals) = postSolution
		SolutionGuid = {DB11BB21-3F5D-42D6-8737-F19C0666F1F8}
	EndGlobalSection
EndGlobal
