
Microsoft Visual Studio Solution File, Format Version 12.00
# Visual Studio Version 17
VisualStudioVersion = 17.0.31919.166
MinimumVisualStudioVersion = 10.0.40219.1
Project("{2150E333-8FDC-42A3-9474-1A3956D46DE8}") = "src", "src", "{6C7E5914-CD6B-40F1-BFD7-8FB17E3EAE11}"
EndProject
Project("{2150E333-8FDC-42A3-9474-1A3956D46DE8}") = "test", "test", "{9D50B35B-1EAA-4620-B0A6-245456051247}"
EndProject
Project("{9A19103F-16F7-4668-BE54-9A1E7A4F7556}") = "ChangeDB.Core", "src\ChangeDB.Core\ChangeDB.Core.csproj", "{D498748A-7138-447B-80E3-E1BAE3CCFA59}"
EndProject
Project("{9A19103F-16F7-4668-BE54-9A1E7A4F7556}") = "ChangeDB.Agent.Postgres", "src\ChangeDB.Agent.Postgres\ChangeDB.Agent.Postgres.csproj", "{0B3B6138-582E-43D5-86DE-D974A877B256}"
EndProject
Project("{9A19103F-16F7-4668-BE54-9A1E7A4F7556}") = "ChangeDB.Agent.SqlServer", "src\ChangeDB.Agent.SqlServer\ChangeDB.Agent.SqlServer.csproj", "{81EBB755-D3DE-48A3-BB37-BA95C8466660}"
EndProject
Project("{9A19103F-16F7-4668-BE54-9A1E7A4F7556}") = "ChangeDB.Agent.Postgres.UnitTest", "test\ChangeDB.Agent.Postgres.UnitTest\ChangeDB.Agent.Postgres.UnitTest.csproj", "{5C5B1951-49F1-4C10-90BC-5315B82FE504}"
EndProject
Project("{9A19103F-16F7-4668-BE54-9A1E7A4F7556}") = "ChangeDB.ConsoleApp", "src\ChangeDB.ConsoleApp\ChangeDB.ConsoleApp.csproj", "{02D45DAF-E60D-42C0-BBDF-6B8BEFB65897}"
EndProject
Project("{9A19103F-16F7-4668-BE54-9A1E7A4F7556}") = "ChangeDB.Agent.SqlCe", "src\ChangeDB.Agent.SqlCe\ChangeDB.Agent.SqlCe.csproj", "{BF7658AC-2CCC-45B2-942D-50508535EA66}"
EndProject
Project("{9A19103F-16F7-4668-BE54-9A1E7A4F7556}") = "ChangeDB.Agent.SqlServer.UnitTest", "test\ChangeDB.Agent.SqlServer.UnitTest\ChangeDB.Agent.SqlServer.UnitTest.csproj", "{5228F1DA-7B2D-43C6-8BDC-C57F67846600}"
EndProject
Project("{9A19103F-16F7-4668-BE54-9A1E7A4F7556}") = "ChangeDB.Core.UnitTest", "test\ChangeDB.Core.UnitTest\ChangeDB.Core.UnitTest.csproj", "{11F7B1DA-E49E-4365-83E0-6FC3F07AFEAE}"
EndProject
Project("{9A19103F-16F7-4668-BE54-9A1E7A4F7556}") = "ChangeDB.Test", "test\ChangeDB.Test\ChangeDB.Test.csproj", "{E5ECE762-7946-41CB-A107-9FE8A9CAF939}"
EndProject
Project("{9A19103F-16F7-4668-BE54-9A1E7A4F7556}") = "ChangeDB.IntegrationTest", "test\ChangeDB.IntegrationTest\ChangeDB.IntegrationTest.csproj", "{5390663B-28AE-48AE-A067-D08EA34AEAAE}"
EndProject
Project("{9A19103F-16F7-4668-BE54-9A1E7A4F7556}") = "ChangeDB.Extenstions.DependencyInjection", "src\ChangeDB.Extenstions.DependencyInjection\ChangeDB.Extenstions.DependencyInjection.csproj", "{DA12C6B6-1718-4048-AEF5-39C2B8003D5A}"
EndProject
Project("{FAE04EC0-301F-11D3-BF4B-00C04F79EFBC}") = "ChangeDB.Agent.SqlCe.UnitTest", "test\ChangeDB.Agent.SqlCe.UnitTest\ChangeDB.Agent.SqlCe.UnitTest.csproj", "{EE8D1541-3609-4A23-8093-17EDAA382B82}"
EndProject
Global
	GlobalSection(SolutionConfigurationPlatforms) = preSolution
		Debug|Any CPU = Debug|Any CPU
		Release|Any CPU = Release|Any CPU
	EndGlobalSection
	GlobalSection(ProjectConfigurationPlatforms) = postSolution
		{D498748A-7138-447B-80E3-E1BAE3CCFA59}.Debug|Any CPU.ActiveCfg = Debug|Any CPU
		{D498748A-7138-447B-80E3-E1BAE3CCFA59}.Debug|Any CPU.Build.0 = Debug|Any CPU
		{D498748A-7138-447B-80E3-E1BAE3CCFA59}.Release|Any CPU.ActiveCfg = Release|Any CPU
		{D498748A-7138-447B-80E3-E1BAE3CCFA59}.Release|Any CPU.Build.0 = Release|Any CPU
		{0B3B6138-582E-43D5-86DE-D974A877B256}.Debug|Any CPU.ActiveCfg = Debug|Any CPU
		{0B3B6138-582E-43D5-86DE-D974A877B256}.Debug|Any CPU.Build.0 = Debug|Any CPU
		{0B3B6138-582E-43D5-86DE-D974A877B256}.Release|Any CPU.ActiveCfg = Release|Any CPU
		{0B3B6138-582E-43D5-86DE-D974A877B256}.Release|Any CPU.Build.0 = Release|Any CPU
		{81EBB755-D3DE-48A3-BB37-BA95C8466660}.Debug|Any CPU.ActiveCfg = Debug|Any CPU
		{81EBB755-D3DE-48A3-BB37-BA95C8466660}.Debug|Any CPU.Build.0 = Debug|Any CPU
		{81EBB755-D3DE-48A3-BB37-BA95C8466660}.Release|Any CPU.ActiveCfg = Release|Any CPU
		{81EBB755-D3DE-48A3-BB37-BA95C8466660}.Release|Any CPU.Build.0 = Release|Any CPU
		{5C5B1951-49F1-4C10-90BC-5315B82FE504}.Debug|Any CPU.ActiveCfg = Debug|Any CPU
		{5C5B1951-49F1-4C10-90BC-5315B82FE504}.Debug|Any CPU.Build.0 = Debug|Any CPU
		{5C5B1951-49F1-4C10-90BC-5315B82FE504}.Release|Any CPU.ActiveCfg = Release|Any CPU
		{5C5B1951-49F1-4C10-90BC-5315B82FE504}.Release|Any CPU.Build.0 = Release|Any CPU
		{02D45DAF-E60D-42C0-BBDF-6B8BEFB65897}.Debug|Any CPU.ActiveCfg = Debug|Any CPU
		{02D45DAF-E60D-42C0-BBDF-6B8BEFB65897}.Debug|Any CPU.Build.0 = Debug|Any CPU
		{02D45DAF-E60D-42C0-BBDF-6B8BEFB65897}.Release|Any CPU.ActiveCfg = Release|Any CPU
		{02D45DAF-E60D-42C0-BBDF-6B8BEFB65897}.Release|Any CPU.Build.0 = Release|Any CPU
		{BF7658AC-2CCC-45B2-942D-50508535EA66}.Debug|Any CPU.ActiveCfg = Debug|Any CPU
		{BF7658AC-2CCC-45B2-942D-50508535EA66}.Debug|Any CPU.Build.0 = Debug|Any CPU
		{BF7658AC-2CCC-45B2-942D-50508535EA66}.Release|Any CPU.ActiveCfg = Release|Any CPU
		{BF7658AC-2CCC-45B2-942D-50508535EA66}.Release|Any CPU.Build.0 = Release|Any CPU
		{5228F1DA-7B2D-43C6-8BDC-C57F67846600}.Debug|Any CPU.ActiveCfg = Debug|Any CPU
		{5228F1DA-7B2D-43C6-8BDC-C57F67846600}.Debug|Any CPU.Build.0 = Debug|Any CPU
		{5228F1DA-7B2D-43C6-8BDC-C57F67846600}.Release|Any CPU.ActiveCfg = Release|Any CPU
		{5228F1DA-7B2D-43C6-8BDC-C57F67846600}.Release|Any CPU.Build.0 = Release|Any CPU
		{11F7B1DA-E49E-4365-83E0-6FC3F07AFEAE}.Debug|Any CPU.ActiveCfg = Debug|Any CPU
		{11F7B1DA-E49E-4365-83E0-6FC3F07AFEAE}.Debug|Any CPU.Build.0 = Debug|Any CPU
		{11F7B1DA-E49E-4365-83E0-6FC3F07AFEAE}.Release|Any CPU.ActiveCfg = Release|Any CPU
		{11F7B1DA-E49E-4365-83E0-6FC3F07AFEAE}.Release|Any CPU.Build.0 = Release|Any CPU
		{E5ECE762-7946-41CB-A107-9FE8A9CAF939}.Debug|Any CPU.ActiveCfg = Debug|Any CPU
		{E5ECE762-7946-41CB-A107-9FE8A9CAF939}.Debug|Any CPU.Build.0 = Debug|Any CPU
		{E5ECE762-7946-41CB-A107-9FE8A9CAF939}.Release|Any CPU.ActiveCfg = Release|Any CPU
		{E5ECE762-7946-41CB-A107-9FE8A9CAF939}.Release|Any CPU.Build.0 = Release|Any CPU
		{5390663B-28AE-48AE-A067-D08EA34AEAAE}.Debug|Any CPU.ActiveCfg = Debug|Any CPU
		{5390663B-28AE-48AE-A067-D08EA34AEAAE}.Debug|Any CPU.Build.0 = Debug|Any CPU
		{5390663B-28AE-48AE-A067-D08EA34AEAAE}.Release|Any CPU.ActiveCfg = Release|Any CPU
		{5390663B-28AE-48AE-A067-D08EA34AEAAE}.Release|Any CPU.Build.0 = Release|Any CPU
		{DA12C6B6-1718-4048-AEF5-39C2B8003D5A}.Debug|Any CPU.ActiveCfg = Debug|Any CPU
		{DA12C6B6-1718-4048-AEF5-39C2B8003D5A}.Debug|Any CPU.Build.0 = Debug|Any CPU
		{DA12C6B6-1718-4048-AEF5-39C2B8003D5A}.Release|Any CPU.ActiveCfg = Release|Any CPU
		{DA12C6B6-1718-4048-AEF5-39C2B8003D5A}.Release|Any CPU.Build.0 = Release|Any CPU
		{EE8D1541-3609-4A23-8093-17EDAA382B82}.Debug|Any CPU.ActiveCfg = Debug|Any CPU
		{EE8D1541-3609-4A23-8093-17EDAA382B82}.Debug|Any CPU.Build.0 = Debug|Any CPU
		{EE8D1541-3609-4A23-8093-17EDAA382B82}.Release|Any CPU.ActiveCfg = Release|Any CPU
		{EE8D1541-3609-4A23-8093-17EDAA382B82}.Release|Any CPU.Build.0 = Release|Any CPU
	EndGlobalSection
	GlobalSection(SolutionProperties) = preSolution
		HideSolutionNode = FALSE
	EndGlobalSection
	GlobalSection(NestedProjects) = preSolution
		{D498748A-7138-447B-80E3-E1BAE3CCFA59} = {6C7E5914-CD6B-40F1-BFD7-8FB17E3EAE11}
		{0B3B6138-582E-43D5-86DE-D974A877B256} = {6C7E5914-CD6B-40F1-BFD7-8FB17E3EAE11}
		{81EBB755-D3DE-48A3-BB37-BA95C8466660} = {6C7E5914-CD6B-40F1-BFD7-8FB17E3EAE11}
		{5C5B1951-49F1-4C10-90BC-5315B82FE504} = {9D50B35B-1EAA-4620-B0A6-245456051247}
		{02D45DAF-E60D-42C0-BBDF-6B8BEFB65897} = {6C7E5914-CD6B-40F1-BFD7-8FB17E3EAE11}
		{BF7658AC-2CCC-45B2-942D-50508535EA66} = {6C7E5914-CD6B-40F1-BFD7-8FB17E3EAE11}
		{5228F1DA-7B2D-43C6-8BDC-C57F67846600} = {9D50B35B-1EAA-4620-B0A6-245456051247}
		{11F7B1DA-E49E-4365-83E0-6FC3F07AFEAE} = {9D50B35B-1EAA-4620-B0A6-245456051247}
		{E5ECE762-7946-41CB-A107-9FE8A9CAF939} = {9D50B35B-1EAA-4620-B0A6-245456051247}
		{5390663B-28AE-48AE-A067-D08EA34AEAAE} = {9D50B35B-1EAA-4620-B0A6-245456051247}
		{DA12C6B6-1718-4048-AEF5-39C2B8003D5A} = {6C7E5914-CD6B-40F1-BFD7-8FB17E3EAE11}
		{EE8D1541-3609-4A23-8093-17EDAA382B82} = {9D50B35B-1EAA-4620-B0A6-245456051247}
	EndGlobalSection
	GlobalSection(ExtensibilityGlobals) = postSolution
		SolutionGuid = {DB11BB21-3F5D-42D6-8737-F19C0666F1F8}
	EndGlobalSection
EndGlobal
